
Microsoft Visual Studio Solution File, Format Version 12.00
# Visual Studio Version 17
VisualStudioVersion = 17.0.31903.59
MinimumVisualStudioVersion = 10.0.40219.1
Project("{FAE04EC0-301F-11D3-BF4B-00C04F79EFBC}") = "SiteApi", "SiteApi\SiteApi.csproj", "{2F359156-AD60-4DA3-9C98-48AFDCB624E7}"
EndProject
Project("{FAE04EC0-301F-11D3-BF4B-00C04F79EFBC}") = "WebApplication1", "WebApplication1\WebApplication1.csproj", "{44C3F316-D37B-4B7C-A9CF-50A382D159EA}"
EndProject
Global
	GlobalSection(SolutionConfigurationPlatforms) = preSolution
		Debug|Any CPU = Debug|Any CPU
		Release|Any CPU = Release|Any CPU
	EndGlobalSection
	GlobalSection(SolutionProperties) = preSolution
		HideSolutionNode = FALSE
	EndGlobalSection
	GlobalSection(ProjectConfigurationPlatforms) = postSolution
		{2F359156-AD60-4DA3-9C98-48AFDCB624E7}.Debug|Any CPU.ActiveCfg = Debug|Any CPU
		{2F359156-AD60-4DA3-9C98-48AFDCB624E7}.Debug|Any CPU.Build.0 = Debug|Any CPU
		{2F359156-AD60-4DA3-9C98-48AFDCB624E7}.Release|Any CPU.ActiveCfg = Release|Any CPU
		{2F359156-AD60-4DA3-9C98-48AFDCB624E7}.Release|Any CPU.Build.0 = Release|Any CPU
		{44C3F316-D37B-4B7C-A9CF-50A382D159EA}.Debug|Any CPU.ActiveCfg = Debug|Any CPU
		{44C3F316-D37B-4B7C-A9CF-50A382D159EA}.Debug|Any CPU.Build.0 = Debug|Any CPU
		{44C3F316-D37B-4B7C-A9CF-50A382D159EA}.Release|Any CPU.ActiveCfg = Release|Any CPU
		{44C3F316-D37B-4B7C-A9CF-50A382D159EA}.Release|Any CPU.Build.0 = Release|Any CPU
	EndGlobalSection
EndGlobal
